<?xml version="1.0" encoding="utf-8"?>
<Project ToolsVersion="4.0" xmlns="http://schemas.microsoft.com/developer/msbuild/2003">
  <ItemGroup>
    <Filter Include="win32">
      <UniqueIdentifier>{84a8ebd7-7cf0-47f6-b75e-d441df67da40}</UniqueIdentifier>
    </Filter>
    <Filter Include="Classes">
      <UniqueIdentifier>{bb6c862e-70e9-49d9-81b7-3829a6f50471}</UniqueIdentifier>
    </Filter>
    <Filter Include="resource">
      <UniqueIdentifier>{715254bc-d70b-4ec5-bf29-467dd3ace079}</UniqueIdentifier>
    </Filter>
    <Filter Include="common">
      <UniqueIdentifier>{82c2ccad-e2bd-461f-88ca-b796907e1d25}</UniqueIdentifier>
    </Filter>
    <Filter Include="common\init">
      <UniqueIdentifier>{749f0277-0ef1-451d-ab13-f73403750a3b}</UniqueIdentifier>
    </Filter>
    <Filter Include="common\log">
      <UniqueIdentifier>{1c11d266-dc53-43d6-bd8f-be38617045ca}</UniqueIdentifier>
    </Filter>
    <Filter Include="common\time">
      <UniqueIdentifier>{b44956c4-c247-441f-9432-508632501436}</UniqueIdentifier>
    </Filter>
    <Filter Include="common\random">
      <UniqueIdentifier>{23e1683e-8d57-429a-bfae-2005498edecf}</UniqueIdentifier>
    </Filter>
    <Filter Include="common\crc">
      <UniqueIdentifier>{f7acfe70-6413-4f9f-a7cd-14bd63f9433f}</UniqueIdentifier>
    </Filter>
    <Filter Include="common\setting">
      <UniqueIdentifier>{1334a6bc-f696-4c4d-98db-2ee6fa661061}</UniqueIdentifier>
    </Filter>
    <Filter Include="common\utility">
      <UniqueIdentifier>{b37cb9ec-3d23-4041-b18a-e37ca42c4f4e}</UniqueIdentifier>
    </Filter>
    <Filter Include="common\archive">
      <UniqueIdentifier>{f53e65a0-393b-42b2-bdb8-871fb71c4374}</UniqueIdentifier>
    </Filter>
    <Filter Include="common\compress">
      <UniqueIdentifier>{fbb4207e-2c6e-499d-aae7-3f2c492f4854}</UniqueIdentifier>
    </Filter>
    <Filter Include="common\compress\bzlib">
      <UniqueIdentifier>{5cb371eb-3441-497c-bd6c-919fb089a083}</UniqueIdentifier>
    </Filter>
  </ItemGroup>
  <ItemGroup>
    <ClCompile Include="main.cpp">
      <Filter>win32</Filter>
    </ClCompile>
    <ClCompile Include="..\Classes\AppDelegate.cpp">
      <Filter>Classes</Filter>
    </ClCompile>
    <ClCompile Include="..\Classes\HelloWorldScene.cpp">
      <Filter>Classes</Filter>
    </ClCompile>
    <ClCompile Include="..\..\source\common\init\InitService.cpp">
      <Filter>common\init</Filter>
    </ClCompile>
    <ClCompile Include="..\..\source\common\log\LogService.cpp">
      <Filter>common\log</Filter>
    </ClCompile>
    <ClCompile Include="..\..\source\common\time\TimeService.cpp">
      <Filter>common\time</Filter>
    </ClCompile>
    <ClCompile Include="..\..\source\common\random\RandomService.cpp">
      <Filter>common\random</Filter>
    </ClCompile>
    <ClCompile Include="..\..\source\common\crc\CrcService.cpp">
      <Filter>common\crc</Filter>
    </ClCompile>
    <ClCompile Include="..\..\source\common\setting\SettingService.cpp">
      <Filter>common\setting</Filter>
    </ClCompile>
    <ClCompile Include="..\..\source\common\setting\XmlReader.cpp">
      <Filter>common\setting</Filter>
    </ClCompile>
    <ClCompile Include="..\..\source\common\archive\Archive.cpp">
      <Filter>common\archive</Filter>
    </ClCompile>
    <ClCompile Include="..\..\source\common\archive\BinWriter.cpp">
      <Filter>common\archive</Filter>
    </ClCompile>
    <ClCompile Include="..\..\source\common\archive\BinReader.cpp">
      <Filter>common\archive</Filter>
    </ClCompile>
    <ClCompile Include="..\..\source\common\archive\ArchiveHash.cpp">
      <Filter>common\archive</Filter>
    </ClCompile>
    <ClCompile Include="..\..\source\common\archive\ArchiveHead.cpp">
      <Filter>common\archive</Filter>
    </ClCompile>
    <ClCompile Include="..\..\source\common\archive\ArchiveReader.cpp">
      <Filter>common\archive</Filter>
    </ClCompile>
    <ClCompile Include="..\..\source\common\archive\ArchiveWriter.cpp">
      <Filter>common\archive</Filter>
    </ClCompile>
    <ClCompile Include="..\..\source\common\compress\CompressService.cpp">
      <Filter>common\compress</Filter>
    </ClCompile>
    <ClCompile Include="..\..\source\common\compress\bzlib\blocksort.c">
      <Filter>common\compress\bzlib</Filter>
    </ClCompile>
    <ClCompile Include="..\..\source\common\compress\bzlib\bzlib.c">
      <Filter>common\compress\bzlib</Filter>
    </ClCompile>
    <ClCompile Include="..\..\source\common\compress\bzlib\compress.c">
      <Filter>common\compress\bzlib</Filter>
    </ClCompile>
    <ClCompile Include="..\..\source\common\compress\bzlib\crctable.c">
      <Filter>common\compress\bzlib</Filter>
    </ClCompile>
    <ClCompile Include="..\..\source\common\compress\bzlib\decompress.c">
      <Filter>common\compress\bzlib</Filter>
    </ClCompile>
    <ClCompile Include="..\..\source\common\compress\bzlib\huffman.c">
      <Filter>common\compress\bzlib</Filter>
    </ClCompile>
    <ClCompile Include="..\..\source\common\compress\bzlib\randtable.c">
      <Filter>common\compress\bzlib</Filter>
    </ClCompile>
  </ItemGroup>
  <ItemGroup>
    <ClInclude Include="main.h">
      <Filter>win32</Filter>
    </ClInclude>
    <ClInclude Include="..\Classes\AppDelegate.h">
      <Filter>Classes</Filter>
    </ClInclude>
    <ClInclude Include="..\Classes\HelloWorldScene.h">
      <Filter>Classes</Filter>
    </ClInclude>
    <ClInclude Include="..\..\source\common\init\InitService.h">
      <Filter>common\init</Filter>
    </ClInclude>
    <ClInclude Include="..\..\source\common\log\LogService.h">
      <Filter>common\log</Filter>
    </ClInclude>
    <ClInclude Include="..\..\source\common\time\TimeService.h">
      <Filter>common\time</Filter>
    </ClInclude>
    <ClInclude Include="..\..\source\common\random\RandomService.h">
      <Filter>common\random</Filter>
    </ClInclude>
    <ClInclude Include="..\..\source\common\crc\CrcService.h">
      <Filter>common\crc</Filter>
    </ClInclude>
    <ClInclude Include="..\..\source\common\crc\crypt_buf.h">
      <Filter>common\crc</Filter>
    </ClInclude>
    <ClInclude Include="..\..\source\common\setting\rapidxml.hpp">
      <Filter>common\setting</Filter>
    </ClInclude>
    <ClInclude Include="..\..\source\common\setting\rapidxml_iterators.hpp">
      <Filter>common\setting</Filter>
    </ClInclude>
    <ClInclude Include="..\..\source\common\setting\rapidxml_print.hpp">
      <Filter>common\setting</Filter>
    </ClInclude>
    <ClInclude Include="..\..\source\common\setting\rapidxml_utils.hpp">
      <Filter>common\setting</Filter>
    </ClInclude>
    <ClInclude Include="..\..\source\common\setting\SettingService.h">
      <Filter>common\setting</Filter>
    </ClInclude>
    <ClInclude Include="..\..\source\common\setting\XmlReader.h">
      <Filter>common\setting</Filter>
    </ClInclude>
    <ClInclude Include="..\..\source\common\utility\Convert.h">
      <Filter>common\utility</Filter>
    </ClInclude>
    <ClInclude Include="..\..\source\common\utility\Default.h">
      <Filter>common\utility</Filter>
    </ClInclude>
    <ClInclude Include="..\..\source\common\utility\ERRORINT.h">
      <Filter>common\utility</Filter>
    </ClInclude>
    <ClInclude Include="..\..\source\common\utility\Singleton.h">
      <Filter>common\utility</Filter>
    </ClInclude>
    <ClInclude Include="..\..\source\common\archive\ArchiveService.h">
      <Filter>common\archive</Filter>
    </ClInclude>
    <ClInclude Include="..\..\source\common\archive\Archive.h">
      <Filter>common\archive</Filter>
    </ClInclude>
    <ClInclude Include="..\..\source\common\archive\BinWriter.h">
      <Filter>common\archive</Filter>
    </ClInclude>
    <ClInclude Include="..\..\source\common\archive\BinReader.h">
      <Filter>common\archive</Filter>
    </ClInclude>
    <ClInclude Include="..\..\source\common\archive\ArchiveHash.h">
      <Filter>common\archive</Filter>
    </ClInclude>
    <ClInclude Include="..\..\source\common\archive\ArchiveHead.h">
      <Filter>common\archive</Filter>
    </ClInclude>
    <ClInclude Include="..\..\source\common\archive\ArchiveReader.h">
      <Filter>common\archive</Filter>
    </ClInclude>
    <ClInclude Include="..\..\source\common\archive\ArchiveWriter.h">
      <Filter>common\archive</Filter>
    </ClInclude>
    <ClInclude Include="..\..\source\common\compress\CompressService.h">
      <Filter>common\compress</Filter>
    </ClInclude>
    <ClInclude Include="..\..\source\common\compress\bzlib\bzlib.h">
      <Filter>common\compress\bzlib</Filter>
    </ClInclude>
    <ClInclude Include="..\..\source\common\compress\bzlib\bzlib_private.h">
      <Filter>common\compress\bzlib</Filter>
    </ClInclude>
  </ItemGroup>
  <ItemGroup>
    <ResourceCompile Include="game.rc">
      <Filter>resource</Filter>
    </ResourceCompile>
  </ItemGroup>
  <ItemGroup>
    <Text Include="..\..\source\common\archive\ArchiveService.cpp">
      <Filter>common\archive</Filter>
    </Text>
  </ItemGroup>
</Project>